{
  "nodes": {
    "agenix": {
      "inputs": {
        "darwin": [],
        "home-manager": [
          "home-manager"
        ],
        "nixpkgs": [
          "nixpkgs"
        ],
        "systems": [
          "systems"
        ]
      },
      "locked": {
        "lastModified": 1736955230,
        "narHash": "sha256-uenf8fv2eG5bKM8C/UvFaiJMZ4IpUFaQxk9OH5t/1gA=",
        "owner": "ryantm",
        "repo": "agenix",
        "rev": "e600439ec4c273cf11e06fe4d9d906fb98fa097c",
        "type": "github"
      },
      "original": {
        "owner": "ryantm",
        "repo": "agenix",
        "type": "github"
      }
    },
    "awesome-neovim-plugins": {
      "inputs": {
        "flake-compat": [],
        "flake-utils": [
          "flake-utils"
        ],
        "nixpkgs": [
          "nixpkgs"
        ],
        "treefmt-nix": []
      },
      "locked": {
        "lastModified": 1741714174,
        "narHash": "sha256-7IofMxb3Zi1NdOn3jrGpIF3MCk2kqBGIQHUSkLcH3sY=",
        "owner": "m15a",
        "repo": "flake-awesome-neovim-plugins",
        "rev": "d5da9b376a5f9366678e0cc45ab0a53782ef585a",
        "type": "github"
      },
      "original": {
        "owner": "m15a",
        "repo": "flake-awesome-neovim-plugins",
        "type": "github"
      }
    },
    "flake-compat": {
      "locked": {
        "lastModified": 1733328505,
        "narHash": "sha256-NeCCThCEP3eCl2l/+27kNNK7QrwZB1IJCrXfrbv5oqU=",
        "rev": "ff81ac966bb2cae68946d5ed5fc4994f96d0ffec",
        "revCount": 69,
        "type": "tarball",
        "url": "https://api.flakehub.com/f/pinned/edolstra/flake-compat/1.1.0/01948eb7-9cba-704f-bbf3-3fa956735b52/source.tar.gz"
      },
      "original": {
        "type": "tarball",
        "url": "https://flakehub.com/f/edolstra/flake-compat/1.tar.gz"
      }
    },
    "flake-parts": {
      "inputs": {
        "nixpkgs-lib": [
          "nixpkgs"
        ]
      },
      "locked": {
        "lastModified": 1741352980,
        "narHash": "sha256-+u2UunDA4Cl5Fci3m7S643HzKmIDAe+fiXrLqYsR2fs=",
        "owner": "hercules-ci",
        "repo": "flake-parts",
        "rev": "f4330d22f1c5d2ba72d3d22df5597d123fdb60a9",
        "type": "github"
      },
      "original": {
        "owner": "hercules-ci",
        "repo": "flake-parts",
        "type": "github"
      }
    },
    "flake-schemas": {
      "locked": {
        "lastModified": 1713165510,
        "narHash": "sha256-pR0sT1MGGTi1+u74gssJcq83TpUfcJbbsP69qhFg1O4=",
        "owner": "gvolpe",
        "repo": "flake-schemas",
        "rev": "e72d8de98fab07bd852204141d2e8b731e3f2039",
        "type": "github"
      },
      "original": {
        "owner": "gvolpe",
        "repo": "flake-schemas",
        "type": "github"
      }
    },
    "flake-utils": {
      "inputs": {
        "systems": [
          "systems"
        ]
      },
      "locked": {
        "lastModified": 1731533236,
        "narHash": "sha256-l0KFg5HjrsfsO/JpG+r7fRrqm12kzFHyUHqHCVpMMbI=",
        "owner": "numtide",
        "repo": "flake-utils",
        "rev": "11707dc2f618dd54ca8739b309ec4fc024de578b",
        "type": "github"
      },
      "original": {
        "owner": "numtide",
        "repo": "flake-utils",
        "type": "github"
      }
    },
    "git-hooks": {
      "inputs": {
        "flake-compat": [
          "flake-compat"
        ],
        "gitignore": [
          "gitignore"
        ],
        "nixpkgs": [
          "nixpkgs"
        ]
      },
      "locked": {
        "lastModified": 1741379162,
        "narHash": "sha256-srpAbmJapkaqGRE3ytf3bj4XshspVR5964OX5LfjDWc=",
        "owner": "cachix",
        "repo": "git-hooks.nix",
        "rev": "b5a62751225b2f62ff3147d0a334055ebadcd5cc",
        "type": "github"
      },
      "original": {
        "owner": "cachix",
        "repo": "git-hooks.nix",
        "type": "github"
      }
    },
    "gitignore": {
      "inputs": {
        "nixpkgs": [
          "nixpkgs"
        ]
      },
      "locked": {
        "lastModified": 1709087332,
        "narHash": "sha256-HG2cCnktfHsKV0s4XW83gU3F57gaTljL9KNSuG6bnQs=",
        "owner": "hercules-ci",
        "repo": "gitignore.nix",
        "rev": "637db329424fd7e46cf4185293b9cc8c88c95394",
        "type": "github"
      },
      "original": {
        "owner": "hercules-ci",
        "repo": "gitignore.nix",
        "type": "github"
      }
    },
    "home-manager": {
      "inputs": {
        "nixpkgs": [
          "nixpkgs"
        ]
      },
      "locked": {
        "lastModified": 1741701235,
        "narHash": "sha256-gBlb8R9gnjUAT5XabJeel3C2iEUiBHx3+91651y3Sqo=",
        "owner": "nix-community",
        "repo": "home-manager",
        "rev": "c630dfa8abcc65984cc1e47fb25d4552c81dd37e",
        "type": "github"
      },
      "original": {
        "owner": "nix-community",
        "repo": "home-manager",
        "type": "github"
      }
    },
    "neovim-nightly-overlay": {
      "inputs": {
        "flake-compat": [
          "flake-compat"
        ],
        "flake-parts": [
          "flake-parts"
        ],
        "git-hooks": [
          "git-hooks"
        ],
        "hercules-ci-effects": [],
        "neovim-src": "neovim-src",
        "nixpkgs": [
          "nixpkgs"
        ],
        "treefmt-nix": []
      },
      "locked": {
        "lastModified": 1741676952,
        "narHash": "sha256-14tBgnGZLu3sH23O61PA1oG4op4TvZRUj3Aof8m4bEQ=",
        "owner": "nix-community",
        "repo": "neovim-nightly-overlay",
        "rev": "adee34d9e71f021dd8b635e8dd8e7329dea6ef79",
        "type": "github"
      },
      "original": {
        "owner": "nix-community",
        "repo": "neovim-nightly-overlay",
        "type": "github"
      }
    },
    "neovim-src": {
      "flake": false,
      "locked": {
        "lastModified": 1741647257,
        "narHash": "sha256-1fKiWpHhE0WcrPMJgxHiYK9sBews+KXFDALGiWnYSPk=",
        "owner": "neovim",
        "repo": "neovim",
        "rev": "7e2b75760f1723c44bf69951dad2cb8da92aa213",
        "type": "github"
      },
      "original": {
        "owner": "neovim",
        "repo": "neovim",
        "type": "github"
      }
    },
    "nix-auto-follow": {
      "inputs": {
        "nixpkgs": [
          "nixpkgs"
        ]
      },
      "locked": {
        "lastModified": 1736285518,
        "narHash": "sha256-UaTTuBs+3+jT360fyfHdjpa4MhSFoMz+D1kp0rr+FwM=",
        "owner": "fzakaria",
        "repo": "nix-auto-follow",
        "rev": "21646a12a47769707d46be8ab7be5e22c4f3224a",
        "type": "github"
      },
      "original": {
        "owner": "fzakaria",
        "repo": "nix-auto-follow",
        "type": "github"
      }
    },
    "nix-index-database": {
      "inputs": {
        "nixpkgs": [
          "nixpkgs"
        ]
      },
      "locked": {
        "lastModified": 1741619381,
        "narHash": "sha256-koZtlJRqi0/MD/AKd0KrXLA2NuBOVzlIyAJprjzpxZE=",
        "owner": "nix-community",
        "repo": "nix-index-database",
        "rev": "66537fb185462ba9b07f4e6f2d54894a1b2d04ab",
        "type": "github"
      },
      "original": {
        "owner": "nix-community",
        "repo": "nix-index-database",
        "type": "github"
      }
    },
    "nix-schema": {
      "inputs": {
        "flake-compat": [
          "flake-compat"
        ],
        "flake-parts": [
          "flake-parts"
        ],
        "git-hooks-nix": [],
        "nixpkgs": [
          "nixpkgs"
        ],
        "nixpkgs-23-11": "nixpkgs-23-11",
        "nixpkgs-regression": "nixpkgs-regression"
      },
      "locked": {
        "lastModified": 1741125032,
        "narHash": "sha256-Yy1Cd3Xm4UJTctYsVQfD5jY5z7pVncvLu8cq0cjjYT4=",
        "owner": "DeterminateSystems",
        "repo": "nix-src",
        "rev": "271926aa5997c3120c8ef0962ce1c7f29fee1a05",
        "type": "github"
      },
      "original": {
        "owner": "DeterminateSystems",
        "ref": "flake-schemas",
        "repo": "nix-src",
        "type": "github"
      }
    },
    "nixos-hardware": {
      "locked": {
        "lastModified": 1741325094,
        "narHash": "sha256-RUAdT8dZ6k/486vnu3tiNRrNW6+Q8uSD2Mq7gTX4jlo=",
        "owner": "NixOS",
        "repo": "nixos-hardware",
        "rev": "b48cc4dab0f9711af296fc367b6108cf7b8ccb16",
        "type": "github"
      },
      "original": {
        "owner": "NixOS",
        "ref": "master",
        "repo": "nixos-hardware",
        "type": "github"
      }
    },
    "nixos-vscode-remote-wsl": {
      "flake": false,
      "locked": {
        "lastModified": 1740276727,
        "narHash": "sha256-VB4UuCz+EcCeNN8LABE/USz+RGCd3PLAP4/QYPlh8TY=",
        "owner": "sonowz",
        "repo": "vscode-remote-wsl-nixos",
        "rev": "69a0156a137fa74c06e3967e52c52a71ee7ddb71",
        "type": "github"
      },
      "original": {
        "owner": "sonowz",
        "repo": "vscode-remote-wsl-nixos",
        "type": "github"
      }
    },
    "nixos-wsl": {
      "inputs": {
        "flake-compat": [
          "flake-compat"
        ],
        "nixpkgs": [
          "nixpkgs"
        ]
      },
      "locked": {
        "lastModified": 1741192150,
        "narHash": "sha256-wB140alXVla1Rw/kENerUoma2qO1Jy5IYWbmiSqmJu0=",
        "owner": "nix-community",
        "repo": "NixOS-WSL",
        "rev": "0e4ccdb8181da2c6193c047b50ffee5f1a3b6dc1",
        "type": "github"
      },
      "original": {
        "owner": "nix-community",
        "repo": "NixOS-WSL",
        "type": "github"
      }
    },
    "nixpkgs": {
      "locked": {
        "lastModified": 1741513245,
        "narHash": "sha256-7rTAMNTY1xoBwz0h7ZMtEcd8LELk9R5TzBPoHuhNSCk=",
        "owner": "NixOS",
        "repo": "nixpkgs",
        "rev": "e3e32b642a31e6714ec1b712de8c91a3352ce7e1",
        "type": "github"
      },
      "original": {
        "owner": "NixOS",
        "ref": "nixos-unstable",
        "repo": "nixpkgs",
        "type": "github"
      }
    },
    "nixpkgs-23-11": {
      "locked": {
        "lastModified": 1717159533,
        "narHash": "sha256-oamiKNfr2MS6yH64rUn99mIZjc45nGJlj9eGth/3Xuw=",
        "owner": "NixOS",
        "repo": "nixpkgs",
        "rev": "a62e6edd6d5e1fa0329b8653c801147986f8d446",
        "type": "github"
      },
      "original": {
        "owner": "NixOS",
        "repo": "nixpkgs",
        "rev": "a62e6edd6d5e1fa0329b8653c801147986f8d446",
        "type": "github"
      }
    },
    "nixpkgs-lor": {
      "inputs": {
        "flake-utils": [
          "flake-utils"
        ],
        "git-hooks": [
          "git-hooks"
        ],
        "nixpkgs": [
          "nixpkgs"
        ]
      },
      "locked": {
        "lastModified": 1741720959,
        "narHash": "sha256-EpiUO9KNR52muWq4WkGD5Y09d8wUqcASBPRzxgXIfn0=",
        "owner": "loicreynier",
        "repo": "nixpkgs-lor",
        "rev": "d875a0b3451fc11504df6edfdc6f8ab1f819789e",
        "type": "github"
      },
      "original": {
        "owner": "loicreynier",
        "repo": "nixpkgs-lor",
        "type": "github"
      }
    },
    "nixpkgs-regression": {
      "locked": {
        "lastModified": 1643052045,
        "narHash": "sha256-uGJ0VXIhWKGXxkeNnq4TvV3CIOkUJ3PAoLZ3HMzNVMw=",
        "owner": "NixOS",
        "repo": "nixpkgs",
        "rev": "215d4d0fd80ca5163643b03a33fde804a29cc1e2",
        "type": "github"
      },
      "original": {
        "owner": "NixOS",
        "repo": "nixpkgs",
        "rev": "215d4d0fd80ca5163643b03a33fde804a29cc1e2",
        "type": "github"
      }
    },
    "nixvim": {
      "inputs": {
        "flake-parts": [
          "flake-parts"
        ],
        "nixpkgs": [
          "nixpkgs"
        ],
        "nuschtosSearch": []
      },
      "locked": {
        "lastModified": 1741709061,
        "narHash": "sha256-G1YTksB0CnVhpU1gEmvO3ugPS5CAmUpm5UtTIUIPnEI=",
        "owner": "nix-community",
        "repo": "nixvim",
        "rev": "3a3abf11700f76738d8ad9d15054ceaf182d2974",
        "type": "github"
      },
      "original": {
        "owner": "nix-community",
        "repo": "nixvim",
        "type": "github"
      }
    },
    "nur": {
      "inputs": {
        "flake-parts": [
          "flake-parts"
        ],
        "nixpkgs": [
          "nixpkgs"
        ],
        "treefmt-nix": "treefmt-nix"
      },
      "locked": {
        "lastModified": 1741714324,
        "narHash": "sha256-Am5hjI7tXgxMC1LV9/N9eMLQoMRls1uGlR1UfzzH49E=",
        "owner": "nix-community",
        "repo": "nur",
        "rev": "8b11b9a4659beffac7c339bf10065c094015a82a",
        "type": "github"
      },
      "original": {
        "owner": "nix-community",
        "repo": "nur",
        "type": "github"
      }
    },
    "poetry2nix": {
      "inputs": {
        "flake-utils": [
          "flake-utils"
        ],
        "nix-github-actions": [],
        "nixpkgs": [
          "nixpkgs"
        ],
        "systems": [
          "systems"
        ],
        "treefmt-nix": []
      },
      "locked": {
        "lastModified": 1741599527,
        "narHash": "sha256-EBCrrWL04ANw15Gx20tomN8Tptod/maQSw+51kPj9bI=",
        "owner": "nix-community",
        "repo": "poetry2nix",
        "rev": "ac847558db725d865d44bbd77f894076c4b03ee3",
        "type": "github"
      },
      "original": {
        "owner": "nix-community",
        "repo": "poetry2nix",
        "type": "github"
      }
    },
    "root": {
      "inputs": {
        "agenix": "agenix",
        "awesome-neovim-plugins": "awesome-neovim-plugins",
        "flake-compat": "flake-compat",
        "flake-parts": "flake-parts",
        "flake-schemas": "flake-schemas",
        "flake-utils": "flake-utils",
        "git-hooks": "git-hooks",
        "gitignore": "gitignore",
        "home-manager": "home-manager",
        "neovim-nightly-overlay": "neovim-nightly-overlay",
        "nix-auto-follow": "nix-auto-follow",
        "nix-index-database": "nix-index-database",
        "nix-schema": "nix-schema",
        "nixos-hardware": "nixos-hardware",
        "nixos-vscode-remote-wsl": "nixos-vscode-remote-wsl",
        "nixos-wsl": "nixos-wsl",
        "nixpkgs": "nixpkgs",
        "nixpkgs-lor": "nixpkgs-lor",
        "nixvim": "nixvim",
        "nur": "nur",
        "poetry2nix": "poetry2nix",
        "systems": "systems"
      }
    },
    "systems": {
      "locked": {
        "lastModified": 1681028828,
        "narHash": "sha256-Vy1rq5AaRuLzOxct8nz4T6wlgyUR7zLU309k9mBC768=",
        "owner": "nix-systems",
        "repo": "default",
        "rev": "da67096a3b9bf56a91d16901293e51ba5b49a27e",
        "type": "github"
      },
      "original": {
        "owner": "nix-systems",
        "repo": "default",
        "type": "github"
      }
    },
    "treefmt-nix": {
      "inputs": {
        "nixpkgs": [
          "nur",
          "nixpkgs"
        ]
      },
      "locked": {
        "lastModified": 1733222881,
        "narHash": "sha256-JIPcz1PrpXUCbaccEnrcUS8jjEb/1vJbZz5KkobyFdM=",
        "owner": "numtide",
        "repo": "treefmt-nix",
        "rev": "49717b5af6f80172275d47a418c9719a31a78b53",
        "type": "github"
      },
      "original": {
        "owner": "numtide",
        "repo": "treefmt-nix",
        "type": "github"
      }
    }
  },
  "root": "root",
  "version": 7
}
